
Microsoft Visual Studio Solution File, Format Version 12.00
# Visual Studio Version 16
VisualStudioVersion = 16.0.31829.152
MinimumVisualStudioVersion = 10.0.40219.1
Project("{9A19103F-16F7-4668-BE54-9A1E7A4F7556}") = "ChineseChess", "ChineseChess.csproj", "{4CBE1EEA-92C6-4B9B-9B10-C3D9418DFAB1}"
EndProject
Global
	GlobalSection(SolutionConfigurationPlatforms) = preSolution
		Debug|Any CPU = Debug|Any CPU
		Debug|x64 = Debug|x64
		Release|Any CPU = Release|Any CPU
		Release|x64 = Release|x64
	EndGlobalSection
	GlobalSection(ProjectConfigurationPlatforms) = postSolution
		{4CBE1EEA-92C6-4B9B-9B10-C3D9418DFAB1}.Debug|Any CPU.ActiveCfg = Debug|Any CPU
		{4CBE1EEA-92C6-4B9B-9B10-C3D9418DFAB1}.Debug|Any CPU.Build.0 = Debug|Any CPU
		{4CBE1EEA-92C6-4B9B-9B10-C3D9418DFAB1}.Debug|x64.ActiveCfg = Debug|x64
		{4CBE1EEA-92C6-4B9B-9B10-C3D9418DFAB1}.Debug|x64.Build.0 = Debug|x64
		{4CBE1EEA-92C6-4B9B-9B10-C3D9418DFAB1}.Release|Any CPU.ActiveCfg = Release|Any CPU
		{4CBE1EEA-92C6-4B9B-9B10-C3D9418DFAB1}.Release|Any CPU.Build.0 = Release|Any CPU
		{4CBE1EEA-92C6-4B9B-9B10-C3D9418DFAB1}.Release|x64.ActiveCfg = Release|x64
		{4CBE1EEA-92C6-4B9B-9B10-C3D9418DFAB1}.Release|x64.Build.0 = Release|x64
	EndGlobalSection
	GlobalSection(SolutionProperties) = preSolution
		HideSolutionNode = FALSE
	EndGlobalSection
	GlobalSection(ExtensibilityGlobals) = postSolution
		SolutionGuid = {B7BFC3E1-1211-46C2-B127-5109D9FF05A6}
	EndGlobalSection
EndGlobal
